<?xml version="1.0" encoding="utf-8"?>
<Project ToolsVersion="4.0" xmlns="http://schemas.microsoft.com/developer/msbuild/2003">
  <ItemGroup>
    <ClCompile Include="test.cpp" />
    <ClCompile Include="pch.cpp" />
    <ClCompile Include="Math_Library\vector_tests.cpp">
      <Filter>Math Library Tests</Filter>
    </ClCompile>
    <ClCompile Include="Math_Library\matrix_tests.cpp">
      <Filter>Math Library Tests</Filter>
    </ClCompile>
    <ClCompile Include="Math_Library\quaternion_tests.cpp">
      <Filter>Math Library Tests</Filter>
    </ClCompile>
    <ClCompile Include="Kernel_Tests\basic_clock.cpp">
      <Filter>Kernel Tests</Filter>
    </ClCompile>
    <ClCompile Include="Kernel_Tests\block_tests.cpp">
      <Filter>Kernel Tests</Filter>
    </ClCompile>
    <ClCompile Include="Kernel_Tests\max_time_exceeded_test.cpp">
      <Filter>Kernel Tests</Filter>
    </ClCompile>
    <ClCompile Include="Kernel_Tests\sim_loop_tests.cpp">
      <Filter>Kernel Tests</Filter>
    </ClCompile>
    <ClCompile Include="Kernel_Tests\state_euler_tests.cpp">
      <Filter>Kernel Tests</Filter>
    </ClCompile>
    <ClCompile Include="Math_Library\vec_tests.cpp">
      <Filter>Math Library Tests</Filter>
    </ClCompile>
  </ItemGroup>
  <ItemGroup>
    <ClInclude Include="pch.h" />
  </ItemGroup>
  <ItemGroup>
    <None Include="packages.config" />
  </ItemGroup>
  <ItemGroup>
    <Filter Include="Math Library Tests">
      <UniqueIdentifier>{16df062e-53b9-42b1-9851-1a4f1715e802}</UniqueIdentifier>
    </Filter>
    <Filter Include="Kernel Tests">
      <UniqueIdentifier>{aa0f1806-efa5-4386-b333-af3a8d182241}</UniqueIdentifier>
    </Filter>
  </ItemGroup>
</Project>