<?xml version="1.0" encoding="utf-8"?>
<Project ToolsVersion="4.0" xmlns="http://schemas.microsoft.com/developer/msbuild/2003">
  <ItemGroup>
    <Filter Include="Resource Files">
      <UniqueIdentifier>{67DA6AB6-F800-4c08-8B7A-83BB121AAD01}</UniqueIdentifier>
      <Extensions>rc;ico;cur;bmp;dlg;rc2;rct;bin;rgs;gif;jpg;jpeg;jpe;resx;tiff;tif;png;wav;mfcribbon-ms</Extensions>
    </Filter>
    <Filter Include="Core">
      <UniqueIdentifier>{b7000b3a-ab19-441f-ac2d-2af6a1d1cf49}</UniqueIdentifier>
    </Filter>
    <Filter Include="Core\End Conditions">
      <UniqueIdentifier>{d78676a6-5027-4292-83af-65b5cd3316d7}</UniqueIdentifier>
    </Filter>
    <Filter Include="Core\States">
      <UniqueIdentifier>{301302d7-f237-4507-9c58-90185d5d5233}</UniqueIdentifier>
    </Filter>
    <Filter Include="Core\Clocks">
      <UniqueIdentifier>{0d6ea74b-4e26-46b0-af13-1f945cfe544c}</UniqueIdentifier>
    </Filter>
    <Filter Include="Math">
      <UniqueIdentifier>{974465ee-ac97-4c94-b59b-f8885a574ea6}</UniqueIdentifier>
    </Filter>
    <Filter Include="File">
      <UniqueIdentifier>{ed0621e0-9d6c-43fc-9d31-03fa6c46b5af}</UniqueIdentifier>
    </Filter>
    <Filter Include="Table">
      <UniqueIdentifier>{36635a99-f9a0-4790-8811-e769211aab7c}</UniqueIdentifier>
    </Filter>
    <Filter Include="Table\Boundary Behaviors">
      <UniqueIdentifier>{15a147db-7c47-4c03-b9a4-9ad5a56bf1cc}</UniqueIdentifier>
    </Filter>
    <Filter Include="Table\Lookup Behaviors">
      <UniqueIdentifier>{fba782b1-cc27-44eb-86b6-6603343acdce}</UniqueIdentifier>
    </Filter>
  </ItemGroup>
  <ItemGroup>
    <ClInclude Include="..\Source\Core\block.h">
      <Filter>Core</Filter>
    </ClInclude>
    <ClInclude Include="..\Source\Core\config.h">
      <Filter>Core</Filter>
    </ClInclude>
    <ClInclude Include="..\Source\Core\sim_loop.h">
      <Filter>Core</Filter>
    </ClInclude>
    <ClInclude Include="..\Source\Core\state.h">
      <Filter>Core</Filter>
    </ClInclude>
    <ClInclude Include="..\Source\Core\States\state_euler.h">
      <Filter>Core\States</Filter>
    </ClInclude>
    <ClInclude Include="..\Source\Core\End_Conditions\end_condition.h">
      <Filter>Core\End Conditions</Filter>
    </ClInclude>
    <ClInclude Include="..\Source\Core\End_Conditions\max_time_exceeded.h">
      <Filter>Core\End Conditions</Filter>
    </ClInclude>
    <ClInclude Include="..\Source\Core\Clocks\sim_clock.h">
      <Filter>Core\Clocks</Filter>
    </ClInclude>
    <ClInclude Include="..\Source\Core\Clocks\basic_clock.h">
      <Filter>Core\Clocks</Filter>
    </ClInclude>
    <ClInclude Include="..\Source\Math\math_config.h">
      <Filter>Math</Filter>
    </ClInclude>
    <ClInclude Include="..\Source\Math\math_constants.h">
      <Filter>Math</Filter>
    </ClInclude>
    <ClInclude Include="..\Source\Math\matrix.h">
      <Filter>Math</Filter>
    </ClInclude>
    <ClInclude Include="..\Source\Math\quaternion.h">
      <Filter>Math</Filter>
    </ClInclude>
    <ClInclude Include="..\Source\Math\vector.h">
      <Filter>Math</Filter>
    </ClInclude>
    <ClInclude Include="..\Source\nemesis.h" />
    <ClInclude Include="..\Source\Table\table.h">
      <Filter>Table</Filter>
    </ClInclude>
    <ClInclude Include="..\Source\Table\table_type_definitions.h">
      <Filter>Table</Filter>
    </ClInclude>
    <ClInclude Include="..\Source\Table\Boundary_Behaviors\table_boundary_interface.h">
      <Filter>Table\Boundary Behaviors</Filter>
    </ClInclude>
    <ClInclude Include="..\Source\Table\Lookup_Behaviors\table_lookup_interface.h">
      <Filter>Table\Lookup Behaviors</Filter>
    </ClInclude>
    <ClInclude Include="..\Source\Table\Boundary_Behaviors\return_zero_at_boundary.h">
      <Filter>Table\Boundary Behaviors</Filter>
    </ClInclude>
    <ClInclude Include="..\Source\Table\Boundary_Behaviors\return_value_at_boundary.h">
      <Filter>Table\Boundary Behaviors</Filter>
    </ClInclude>
    <ClInclude Include="..\Source\Table\Boundary_Behaviors\return_linear_extrapolation.h">
      <Filter>Table\Boundary Behaviors</Filter>
    </ClInclude>
    <ClInclude Include="..\Source\Table\Lookup_Behaviors\return_exact_value.h">
      <Filter>Table\Lookup Behaviors</Filter>
    </ClInclude>
    <ClInclude Include="..\Source\Table\Lookup_Behaviors\return_next_lower_value.h">
      <Filter>Table\Lookup Behaviors</Filter>
    </ClInclude>
  </ItemGroup>
  <ItemGroup>
    <ClCompile Include="..\Source\main.cpp" />
    <ClCompile Include="..\Source\Core\block.cpp">
      <Filter>Core</Filter>
    </ClCompile>
    <ClCompile Include="..\Source\Core\sim_loop.cpp">
      <Filter>Core</Filter>
    </ClCompile>
    <ClCompile Include="..\Source\Core\state.cpp">
      <Filter>Core</Filter>
    </ClCompile>
    <ClCompile Include="..\Source\Core\States\state_euler.cpp">
      <Filter>Core\States</Filter>
    </ClCompile>
    <ClCompile Include="..\Source\Core\End_Conditions\max_time_exceeded.cpp">
      <Filter>Core\End Conditions</Filter>
    </ClCompile>
    <ClCompile Include="..\Source\Core\Clocks\sim_clock.cpp">
      <Filter>Core\Clocks</Filter>
    </ClCompile>
    <ClCompile Include="..\Source\Core\Clocks\basic_clock.cpp">
      <Filter>Core\Clocks</Filter>
    </ClCompile>
    <ClCompile Include="..\Source\Core\End_Conditions\end_condition.cpp">
      <Filter>Core\End Conditions</Filter>
    </ClCompile>
    <ClCompile Include="..\Source\Math\matrix.cpp">
      <Filter>Math</Filter>
    </ClCompile>
    <ClCompile Include="..\Source\Math\quaternion.cpp">
      <Filter>Math</Filter>
    </ClCompile>
    <ClCompile Include="..\Source\Math\vector.cpp">
      <Filter>Math</Filter>
    </ClCompile>
    <ClCompile Include="..\Source\Table\table.cpp">
      <Filter>Table</Filter>
    </ClCompile>
    <ClCompile Include="..\Source\Table\Boundary_Behaviors\table_boundary_interface.cpp">
      <Filter>Table\Boundary Behaviors</Filter>
    </ClCompile>
    <ClCompile Include="..\Source\Table\Lookup_Behaviors\table_lookup_interface.cpp">
      <Filter>Table\Lookup Behaviors</Filter>
    </ClCompile>
  </ItemGroup>
</Project>