<?xml version="1.0" encoding="utf-8"?>
<Project ToolsVersion="4.0" xmlns="http://schemas.microsoft.com/developer/msbuild/2003">
  <ItemGroup>
    <Filter Include="Resource Files">
      <UniqueIdentifier>{67DA6AB6-F800-4c08-8B7A-83BB121AAD01}</UniqueIdentifier>
      <Extensions>rc;ico;cur;bmp;dlg;rc2;rct;bin;rgs;gif;jpg;jpeg;jpe;resx;tiff;tif;png;wav;mfcribbon-ms</Extensions>
    </Filter>
    <Filter Include="Utilities">
      <UniqueIdentifier>{c62448e1-d487-4910-a1e6-3850c91b678e}</UniqueIdentifier>
    </Filter>
    <Filter Include="Utilities\Math Library">
      <UniqueIdentifier>{532dcefd-a685-45e4-8c1f-1710fb2517ed}</UniqueIdentifier>
    </Filter>
    <Filter Include="Core">
      <UniqueIdentifier>{b7000b3a-ab19-441f-ac2d-2af6a1d1cf49}</UniqueIdentifier>
    </Filter>
    <Filter Include="Core\End Conditions">
      <UniqueIdentifier>{d78676a6-5027-4292-83af-65b5cd3316d7}</UniqueIdentifier>
    </Filter>
    <Filter Include="Core\States">
      <UniqueIdentifier>{301302d7-f237-4507-9c58-90185d5d5233}</UniqueIdentifier>
    </Filter>
    <Filter Include="Core\Clocks">
      <UniqueIdentifier>{0d6ea74b-4e26-46b0-af13-1f945cfe544c}</UniqueIdentifier>
    </Filter>
  </ItemGroup>
  <ItemGroup>
    <ClInclude Include="..\Source\Utilities\Math\vector.h">
      <Filter>Utilities\Math Library</Filter>
    </ClInclude>
    <ClInclude Include="..\Source\Utilities\Math\matrix.h">
      <Filter>Utilities\Math Library</Filter>
    </ClInclude>
    <ClInclude Include="..\Source\Utilities\Math\quaternion.h">
      <Filter>Utilities\Math Library</Filter>
    </ClInclude>
    <ClInclude Include="..\Source\Utilities\Math\math_config.h">
      <Filter>Utilities\Math Library</Filter>
    </ClInclude>
    <ClInclude Include="..\Source\Utilities\Math\math_constants.h">
      <Filter>Utilities\Math Library</Filter>
    </ClInclude>
    <ClInclude Include="..\Source\Core\block.h">
      <Filter>Core</Filter>
    </ClInclude>
    <ClInclude Include="..\Source\Core\config.h">
      <Filter>Core</Filter>
    </ClInclude>
    <ClInclude Include="..\Source\Core\sim_loop.h">
      <Filter>Core</Filter>
    </ClInclude>
    <ClInclude Include="..\Source\Core\state.h">
      <Filter>Core</Filter>
    </ClInclude>
    <ClInclude Include="..\Source\Core\States\state_euler.h">
      <Filter>Core\States</Filter>
    </ClInclude>
    <ClInclude Include="..\Source\Core\End_Conditions\end_condition.h">
      <Filter>Core\End Conditions</Filter>
    </ClInclude>
    <ClInclude Include="..\Source\Core\End_Conditions\max_time_exceeded.h">
      <Filter>Core\End Conditions</Filter>
    </ClInclude>
    <ClInclude Include="..\Source\Core\Clocks\sim_clock.h">
      <Filter>Core\Clocks</Filter>
    </ClInclude>
    <ClInclude Include="..\Source\Core\Clocks\simple_synchronous_clock.h">
      <Filter>Core\Clocks</Filter>
    </ClInclude>
  </ItemGroup>
  <ItemGroup>
    <ClCompile Include="..\Source\main.cpp" />
    <ClCompile Include="..\Source\Utilities\Math\quaternion.cpp">
      <Filter>Utilities\Math Library</Filter>
    </ClCompile>
    <ClCompile Include="..\Source\Utilities\Math\vector.cpp">
      <Filter>Utilities\Math Library</Filter>
    </ClCompile>
    <ClCompile Include="..\Source\Utilities\Math\matrix.cpp">
      <Filter>Utilities\Math Library</Filter>
    </ClCompile>
    <ClCompile Include="..\Source\Core\block.cpp">
      <Filter>Core</Filter>
    </ClCompile>
    <ClCompile Include="..\Source\Core\sim_loop.cpp">
      <Filter>Core</Filter>
    </ClCompile>
    <ClCompile Include="..\Source\Core\state.cpp">
      <Filter>Core</Filter>
    </ClCompile>
    <ClCompile Include="..\Source\Core\States\state_euler.cpp">
      <Filter>Core\States</Filter>
    </ClCompile>
    <ClCompile Include="..\Source\Core\End_Conditions\max_time_exceeded.cpp">
      <Filter>Core\End Conditions</Filter>
    </ClCompile>
    <ClCompile Include="..\Source\Core\Clocks\sim_clock.cpp">
      <Filter>Core\Clocks</Filter>
    </ClCompile>
    <ClCompile Include="..\Source\Core\Clocks\simple_synchronous_clock.cpp">
      <Filter>Core\Clocks</Filter>
    </ClCompile>
  </ItemGroup>
</Project>