<?xml version="1.0" encoding="utf-8"?>
<Project ToolsVersion="4.0" xmlns="http://schemas.microsoft.com/developer/msbuild/2003">
  <ItemGroup>
    <ClCompile Include="..\Source\main.cpp" />
    <ClCompile Include="..\Source\Core\Clocks\basic_clock.cpp">
      <Filter>Core\Clock</Filter>
    </ClCompile>
    <ClCompile Include="..\Source\Core\block.cpp">
      <Filter>Core</Filter>
    </ClCompile>
    <ClCompile Include="..\Source\Console Manager\console_manager.cpp">
      <Filter>Console Manager</Filter>
    </ClCompile>
    <ClCompile Include="..\Source\Core\Integrators\euler.cpp">
      <Filter>Core\Integration Method</Filter>
    </ClCompile>
    <ClCompile Include="..\Source\Core\Integrators\integrator.cpp">
      <Filter>Core\Integration Method</Filter>
    </ClCompile>
    <ClCompile Include="..\Source\Core\End_Conditions\max_time_exceeded.cpp">
      <Filter>Core\End Conditions</Filter>
    </ClCompile>
    <ClCompile Include="..\Source\Core\Clocks\sim_clock.cpp">
      <Filter>Core\Clock</Filter>
    </ClCompile>
    <ClCompile Include="..\Source\Core\sim_loop.cpp">
      <Filter>Core</Filter>
    </ClCompile>
    <ClCompile Include="..\Source\Core\Integrators\state.cpp">
      <Filter>Core</Filter>
    </ClCompile>
    <ClCompile Include="..\Source\Math\quaternion.cpp">
      <Filter>Math Library</Filter>
    </ClCompile>
    <ClCompile Include="..\Source\Math\vector.cpp">
      <Filter>Math Library</Filter>
    </ClCompile>
    <ClCompile Include="..\Source\Math\matrix.cpp">
      <Filter>Math Library</Filter>
    </ClCompile>
    <ClCompile Include="..\Source\Models\Examples\position.cpp">
      <Filter>Models\Examples</Filter>
    </ClCompile>
  </ItemGroup>
  <ItemGroup>
    <ClInclude Include="..\Source\Core\config.h" />
    <ClInclude Include="..\Source\nemesis.h" />
    <ClInclude Include="..\Source\Core\Clocks\basic_clock.h">
      <Filter>Core\Clock</Filter>
    </ClInclude>
    <ClInclude Include="..\Source\Core\block.h">
      <Filter>Core</Filter>
    </ClInclude>
    <ClInclude Include="..\Source\Console Manager\console_manager.h">
      <Filter>Console Manager</Filter>
    </ClInclude>
    <ClInclude Include="..\Source\Core\End_Conditions\end_condition.h">
      <Filter>Core\End Conditions</Filter>
    </ClInclude>
    <ClInclude Include="..\Source\Core\Integrators\euler.h">
      <Filter>Core\Integration Method</Filter>
    </ClInclude>
    <ClInclude Include="..\Source\Core\Integrators\integrator.h">
      <Filter>Core\Integration Method</Filter>
    </ClInclude>
    <ClInclude Include="..\Source\Core\End_Conditions\max_time_exceeded.h">
      <Filter>Core\End Conditions</Filter>
    </ClInclude>
    <ClInclude Include="..\Source\Core\Clocks\sim_clock.h">
      <Filter>Core\Clock</Filter>
    </ClInclude>
    <ClInclude Include="..\Source\Core\sim_loop.h">
      <Filter>Core</Filter>
    </ClInclude>
    <ClInclude Include="..\Source\Core\Integrators\state.h">
      <Filter>Core</Filter>
    </ClInclude>
    <ClInclude Include="..\Source\Math\vector.h">
      <Filter>Math Library</Filter>
    </ClInclude>
    <ClInclude Include="..\Source\Math\quaternion.h">
      <Filter>Math Library</Filter>
    </ClInclude>
    <ClInclude Include="..\Source\Math\math_constants.h">
      <Filter>Math Library</Filter>
    </ClInclude>
    <ClInclude Include="..\Source\Math\math_config.h">
      <Filter>Math Library</Filter>
    </ClInclude>
    <ClInclude Include="..\Source\Math\matrix.h">
      <Filter>Math Library</Filter>
    </ClInclude>
    <ClInclude Include="..\Source\Models\Examples\position.h">
      <Filter>Models\Examples</Filter>
    </ClInclude>
  </ItemGroup>
  <ItemGroup>
    <Filter Include="Core">
      <UniqueIdentifier>{8354bb7c-885e-4b1d-9ffa-5505d4d147b1}</UniqueIdentifier>
    </Filter>
    <Filter Include="Core\Clock">
      <UniqueIdentifier>{b59722b5-2611-44d1-9912-f2a992601362}</UniqueIdentifier>
    </Filter>
    <Filter Include="Console Manager">
      <UniqueIdentifier>{3b2c1467-f177-41cb-b412-52aa8e133415}</UniqueIdentifier>
    </Filter>
    <Filter Include="Core\End Conditions">
      <UniqueIdentifier>{69f9d4eb-f115-42fe-83d2-93510f05cfb1}</UniqueIdentifier>
    </Filter>
    <Filter Include="Core\Integration Method">
      <UniqueIdentifier>{383c2429-459e-4e16-966a-e2cb0fcad11e}</UniqueIdentifier>
    </Filter>
    <Filter Include="Math Library">
      <UniqueIdentifier>{6b00755e-7932-4adf-9795-beb82ae815e3}</UniqueIdentifier>
    </Filter>
    <Filter Include="Models">
      <UniqueIdentifier>{81cccf3d-8da2-4638-9689-851de75f331c}</UniqueIdentifier>
    </Filter>
    <Filter Include="Models\Examples">
      <UniqueIdentifier>{7d2e4349-16f6-4274-8c16-9de40883a184}</UniqueIdentifier>
    </Filter>
  </ItemGroup>
</Project>